# This file is generated by running "yarn install" inside your project.
# Manual changes might be lost - proceed with caution!

__metadata:
  version: 6
  cacheKey: 8

"@remix-run/router@npm:1.3.2":
  version: 1.3.2
  resolution: "@remix-run/router@npm:1.3.2"
  checksum: ee2108b87d4a1241cdea137dd7e1741ee679228bd33fd81e22a6bb2940f81186cefe9a85e26d60cc49bbcc1bdbc57d1954b7d4d62f8a51ef69feddfc899f55fa
  languageName: node
  linkType: hard

"react-router-dom@npm:^6.8.1":
  version: 6.8.1
  resolution: "react-router-dom@npm:6.8.1"
  dependencies:
    "@remix-run/router": 1.3.2
    react-router: 6.8.1
  peerDependencies:
    react: ">=16.8"
    react-dom: ">=16.8"
  checksum: fb1a9f5c7e4c83536ee7e6493f3c13f6abda66da69f9191fb8b087ab188ecc18a3a32575813a280cbeca67bcb8b0dcb6dbcef7ed599e03f38a44d694f4abcf14
  languageName: node
  linkType: hard

"react-router@npm:6.8.1":
  version: 6.8.1
  resolution: "react-router@npm:6.8.1"
  dependencies:
    "@remix-run/router": 1.3.2
  peerDependencies:
    react: ">=16.8"
  checksum: 8e7cc7a516adeb6060911861af99d9b512893c15ec732cbf8574872919be4f3fe439ffa8c0876d1bcbced880d081bfeda3c01cb505b5a243565d10500ee0ac36
  languageName: node
  linkType: hard

"shiny-agency@workspace:.":
  version: 0.0.0-use.local
  resolution: "shiny-agency@workspace:."
  dependencies:
    react-router-dom: ^6.8.1
  languageName: unknown
  linkType: soft
